{
  "name": "fullstack_template_next_express",
  "requires": true,
  "lockfileVersion": 1,
  "dependencies": {
    "prettier": {
      "version": "3.5.3",
      "resolved": "https://registry.npmjs.org/prettier/-/prettier-3.5.3.tgz",
      "integrity": "sha512-QQtaxnoDJeAkDvDKWCLiwIXkTgRhwYDEQCghU9Z6q03iyek/rxRh/2lC3HB7P8sWT2xC/y5JDctPLBIGzHKbhw==",
      "dev": true
    },
    "turbo": {
      "version": "2.5.3",
      "resolved": "https://registry.npmjs.org/turbo/-/turbo-2.5.3.tgz",
      "integrity": "sha512-iHuaNcq5GZZnr3XDZNuu2LSyCzAOPwDuo5Qt+q64DfsTP1i3T2bKfxJhni2ZQxsvAoxRbuUK5QetJki4qc5aYA==",
      "dev": true,
      "requires": {
        "turbo-darwin-64": "2.5.3",
        "turbo-darwin-arm64": "2.5.3",
        "turbo-linux-64": "2.5.3",
        "turbo-linux-arm64": "2.5.3",
        "turbo-windows-64": "2.5.3",
        "turbo-windows-arm64": "2.5.3"
      }
    },
    "turbo-darwin-64": {
      "version": "2.5.3",
      "resolved": "https://registry.npmjs.org/turbo-darwin-64/-/turbo-darwin-64-2.5.3.tgz",
      "integrity": "sha512-YSItEVBUIvAGPUDpAB9etEmSqZI3T6BHrkBkeSErvICXn3dfqXUfeLx35LfptLDEbrzFUdwYFNmt8QXOwe9yaw==",
      "dev": true,
      "optional": true
    },
    "turbo-darwin-arm64": {
      "version": "2.5.3",
      "resolved": "https://registry.npmjs.org/turbo-darwin-arm64/-/turbo-darwin-arm64-2.5.3.tgz",
      "integrity": "sha512-5PefrwHd42UiZX7YA9m1LPW6x9YJBDErXmsegCkVp+GjmWrADfEOxpFrGQNonH3ZMj77WZB2PVE5Aw3gA+IOhg==",
      "dev": true,
      "optional": true
    },
    "turbo-linux-64": {
      "version": "2.5.3",
      "resolved": "https://registry.npmjs.org/turbo-linux-64/-/turbo-linux-64-2.5.3.tgz",
      "integrity": "sha512-M9xigFgawn5ofTmRzvjjLj3Lqc05O8VHKuOlWNUlnHPUltFquyEeSkpQNkE/vpPdOR14AzxqHbhhxtfS4qvb1w==",
      "dev": true,
      "optional": true
    },
    "turbo-linux-arm64": {
      "version": "2.5.3",
      "resolved": "https://registry.npmjs.org/turbo-linux-arm64/-/turbo-linux-arm64-2.5.3.tgz",
      "integrity": "sha512-auJRbYZ8SGJVqvzTikpg1bsRAsiI9Tk0/SDkA5Xgg0GdiHDH/BOzv1ZjDE2mjmlrO/obr19Dw+39OlMhwLffrw==",
      "dev": true,
      "optional": true
    },
    "turbo-windows-64": {
      "version": "2.5.3",
      "resolved": "https://registry.npmjs.org/turbo-windows-64/-/turbo-windows-64-2.5.3.tgz",
      "integrity": "sha512-arLQYohuHtIEKkmQSCU9vtrKUg+/1TTstWB9VYRSsz+khvg81eX6LYHtXJfH/dK7Ho6ck+JaEh5G+QrE1jEmCQ==",
      "dev": true,
      "optional": true
    },
    "turbo-windows-arm64": {
      "version": "2.5.3",
      "resolved": "https://registry.npmjs.org/turbo-windows-arm64/-/turbo-windows-arm64-2.5.3.tgz",
      "integrity": "sha512-3JPn66HAynJ0gtr6H+hjY4VHpu1RPKcEwGATvGUTmLmYSYBQieVlnGDRMMoYN066YfyPqnNGCfhYbXfH92Cm0g==",
      "dev": true,
      "optional": true
    },
    "typescript": {
      "version": "5.8.2",
      "resolved": "https://registry.npmjs.org/typescript/-/typescript-5.8.2.tgz",
      "integrity": "sha512-aJn6wq13/afZp/jT9QZmwEjDqqvSGp1VT5GVg+f/t6/oVyrgXM6BY1h9BRh/O5p3PlUPAe+WuiEZOmb/49RqoQ==",
      "dev": true
    }
  }
}
